
Microsoft Visual Studio Solution File, Format Version 12.00
# Visual Studio Version 17
VisualStudioVersion = 17.9.34622.214
MinimumVisualStudioVersion = 10.0.40219.1
Project("{8BC9CEB8-8B4A-11D0-8D11-00A0C91BC942}") = "06 - coordinate systems", "06 - coordinate systems.vcxproj", "{C317890A-7E6A-4E05-9CF5-4DC418E434B7}"
EndProject
Global
	GlobalSection(SolutionConfigurationPlatforms) = preSolution
		Debug|x64 = Debug|x64
		Debug|x86 = Debug|x86
		Release|x64 = Release|x64
		Release|x86 = Release|x86
	EndGlobalSection
	GlobalSection(ProjectConfigurationPlatforms) = postSolution
		{C317890A-7E6A-4E05-9CF5-4DC418E434B7}.Debug|x64.ActiveCfg = Debug|x64
		{C317890A-7E6A-4E05-9CF5-4DC418E434B7}.Debug|x64.Build.0 = Debug|x64
		{C317890A-7E6A-4E05-9CF5-4DC418E434B7}.Debug|x86.ActiveCfg = Debug|Win32
		{C317890A-7E6A-4E05-9CF5-4DC418E434B7}.Debug|x86.Build.0 = Debug|Win32
		{C317890A-7E6A-4E05-9CF5-4DC418E434B7}.Release|x64.ActiveCfg = Release|x64
		{C317890A-7E6A-4E05-9CF5-4DC418E434B7}.Release|x64.Build.0 = Release|x64
		{C317890A-7E6A-4E05-9CF5-4DC418E434B7}.Release|x86.ActiveCfg = Release|Win32
		{C317890A-7E6A-4E05-9CF5-4DC418E434B7}.Release|x86.Build.0 = Release|Win32
	EndGlobalSection
	GlobalSection(SolutionProperties) = preSolution
		HideSolutionNode = FALSE
	EndGlobalSection
	GlobalSection(ExtensibilityGlobals) = postSolution
		SolutionGuid = {631CFB8B-9DFE-43C7-A608-5D433B244897}
	EndGlobalSection
EndGlobal
